
Microsoft Visual Studio Solution File, Format Version 12.00
# Visual Studio Version 16
VisualStudioVersion = 16.0.31515.178
MinimumVisualStudioVersion = 10.0.40219.1
Project("{FAE04EC0-301F-11D3-BF4B-00C04F79EFBC}") = "Zelf.SocialNetwork.Api.Host", "Zelf.SocialNetwork.Api.Host\Zelf.SocialNetwork.Api.Host.csproj", "{CA69681E-7DA5-4D28-B9CF-EA96A80AF06C}"
EndProject
Project("{FAE04EC0-301F-11D3-BF4B-00C04F79EFBC}") = "Zelf.SocialNetwork.Api.Host.Console", "Zelf.SocialNetwork.Api.Host.Console\Zelf.SocialNetwork.Api.Host.Console.csproj", "{D29D021D-423F-4019-9CBF-AFAE1BD072FC}"
EndProject
Project("{FAE04EC0-301F-11D3-BF4B-00C04F79EFBC}") = "Zelf.SocialNetwork.Api.EntityFramework", "Zelf.SocialNetwork.Api.EntityFramework\Zelf.SocialNetwork.Api.EntityFramework.csproj", "{97693DE9-C3E6-4FC0-8DFA-EC1D9A32067A}"
EndProject
Project("{FAE04EC0-301F-11D3-BF4B-00C04F79EFBC}") = "Zelf.SocialNetwork.Api.WebApi", "Zelf.SocialNetwork.Api.WebApi\Zelf.SocialNetwork.Api.WebApi.csproj", "{718C44C7-DB38-4907-9812-6BA933678D2A}"
EndProject
Project("{FAE04EC0-301F-11D3-BF4B-00C04F79EFBC}") = "Zelf.SocialNetwork.Api.Runtime", "Zelf.SocialNetwork.Api.Runtime\Zelf.SocialNetwork.Api.Runtime.csproj", "{C3E5D766-278F-4F5E-BD1C-D9625E97B284}"
EndProject
Project("{FAE04EC0-301F-11D3-BF4B-00C04F79EFBC}") = "Zelf.SocialNetwork.Api.Runtime.Abstractions", "Zelf.SocialNetwork.Api.Runtime.Abstractions\Zelf.SocialNetwork.Api.Runtime.Abstractions.csproj", "{CA0C0279-FEC5-47F3-B013-7964F84F0990}"
EndProject
Project("{FAE04EC0-301F-11D3-BF4B-00C04F79EFBC}") = "Zelf.SocialNetwork.Api.Tests", "Zelf.SocialNetwork.Api.Tests\Zelf.SocialNetwork.Api.Tests.csproj", "{81FAAB1C-5063-4C82-8A4C-ABB10315EA1F}"
EndProject
Global
	GlobalSection(SolutionConfigurationPlatforms) = preSolution
		Debug|Any CPU = Debug|Any CPU
		Release|Any CPU = Release|Any CPU
	EndGlobalSection
	GlobalSection(ProjectConfigurationPlatforms) = postSolution
		{CA69681E-7DA5-4D28-B9CF-EA96A80AF06C}.Debug|Any CPU.ActiveCfg = Debug|Any CPU
		{CA69681E-7DA5-4D28-B9CF-EA96A80AF06C}.Debug|Any CPU.Build.0 = Debug|Any CPU
		{CA69681E-7DA5-4D28-B9CF-EA96A80AF06C}.Release|Any CPU.ActiveCfg = Release|Any CPU
		{CA69681E-7DA5-4D28-B9CF-EA96A80AF06C}.Release|Any CPU.Build.0 = Release|Any CPU
		{D29D021D-423F-4019-9CBF-AFAE1BD072FC}.Debug|Any CPU.ActiveCfg = Debug|Any CPU
		{D29D021D-423F-4019-9CBF-AFAE1BD072FC}.Debug|Any CPU.Build.0 = Debug|Any CPU
		{D29D021D-423F-4019-9CBF-AFAE1BD072FC}.Release|Any CPU.ActiveCfg = Release|Any CPU
		{D29D021D-423F-4019-9CBF-AFAE1BD072FC}.Release|Any CPU.Build.0 = Release|Any CPU
		{97693DE9-C3E6-4FC0-8DFA-EC1D9A32067A}.Debug|Any CPU.ActiveCfg = Debug|Any CPU
		{97693DE9-C3E6-4FC0-8DFA-EC1D9A32067A}.Debug|Any CPU.Build.0 = Debug|Any CPU
		{97693DE9-C3E6-4FC0-8DFA-EC1D9A32067A}.Release|Any CPU.ActiveCfg = Release|Any CPU
		{97693DE9-C3E6-4FC0-8DFA-EC1D9A32067A}.Release|Any CPU.Build.0 = Release|Any CPU
		{718C44C7-DB38-4907-9812-6BA933678D2A}.Debug|Any CPU.ActiveCfg = Debug|Any CPU
		{718C44C7-DB38-4907-9812-6BA933678D2A}.Debug|Any CPU.Build.0 = Debug|Any CPU
		{718C44C7-DB38-4907-9812-6BA933678D2A}.Release|Any CPU.ActiveCfg = Release|Any CPU
		{718C44C7-DB38-4907-9812-6BA933678D2A}.Release|Any CPU.Build.0 = Release|Any CPU
		{C3E5D766-278F-4F5E-BD1C-D9625E97B284}.Debug|Any CPU.ActiveCfg = Debug|Any CPU
		{C3E5D766-278F-4F5E-BD1C-D9625E97B284}.Debug|Any CPU.Build.0 = Debug|Any CPU
		{C3E5D766-278F-4F5E-BD1C-D9625E97B284}.Release|Any CPU.ActiveCfg = Release|Any CPU
		{C3E5D766-278F-4F5E-BD1C-D9625E97B284}.Release|Any CPU.Build.0 = Release|Any CPU
		{CA0C0279-FEC5-47F3-B013-7964F84F0990}.Debug|Any CPU.ActiveCfg = Debug|Any CPU
		{CA0C0279-FEC5-47F3-B013-7964F84F0990}.Debug|Any CPU.Build.0 = Debug|Any CPU
		{CA0C0279-FEC5-47F3-B013-7964F84F0990}.Release|Any CPU.ActiveCfg = Release|Any CPU
		{CA0C0279-FEC5-47F3-B013-7964F84F0990}.Release|Any CPU.Build.0 = Release|Any CPU
		{81FAAB1C-5063-4C82-8A4C-ABB10315EA1F}.Debug|Any CPU.ActiveCfg = Debug|Any CPU
		{81FAAB1C-5063-4C82-8A4C-ABB10315EA1F}.Debug|Any CPU.Build.0 = Debug|Any CPU
		{81FAAB1C-5063-4C82-8A4C-ABB10315EA1F}.Release|Any CPU.ActiveCfg = Release|Any CPU
		{81FAAB1C-5063-4C82-8A4C-ABB10315EA1F}.Release|Any CPU.Build.0 = Release|Any CPU
	EndGlobalSection
	GlobalSection(SolutionProperties) = preSolution
		HideSolutionNode = FALSE
	EndGlobalSection
	GlobalSection(ExtensibilityGlobals) = postSolution
		SolutionGuid = {4567AEA3-4409-4216-9EF1-127B3E034879}
	EndGlobalSection
EndGlobal
